
Microsoft Visual Studio Solution File, Format Version 12.00
# Visual Studio Version 17
VisualStudioVersion = 17.1.32421.90
MinimumVisualStudioVersion = 10.0.40219.1
Project("{FAE04EC0-301F-11D3-BF4B-00C04F79EFBC}") = "DiaSemana", "DiaSemana\DiaSemana.csproj", "{F1BA2BA9-5CCA-45F4-AB20-C2E30029E8AF}"
EndProject
Global
	GlobalSection(SolutionConfigurationPlatforms) = preSolution
		Debug|Any CPU = Debug|Any CPU
		Release|Any CPU = Release|Any CPU
	EndGlobalSection
	GlobalSection(ProjectConfigurationPlatforms) = postSolution
		{F1BA2BA9-5CCA-45F4-AB20-C2E30029E8AF}.Debug|Any CPU.ActiveCfg = Debug|Any CPU
		{F1BA2BA9-5CCA-45F4-AB20-C2E30029E8AF}.Debug|Any CPU.Build.0 = Debug|Any CPU
		{F1BA2BA9-5CCA-45F4-AB20-C2E30029E8AF}.Release|Any CPU.ActiveCfg = Release|Any CPU
		{F1BA2BA9-5CCA-45F4-AB20-C2E30029E8AF}.Release|Any CPU.Build.0 = Release|Any CPU
	EndGlobalSection
	GlobalSection(SolutionProperties) = preSolution
		HideSolutionNode = FALSE
	EndGlobalSection
	GlobalSection(ExtensibilityGlobals) = postSolution
		SolutionGuid = {C9AFACEB-B2F7-42FF-8F3E-228D344FF03D}
	EndGlobalSection
EndGlobal
